
Microsoft Visual Studio Solution File, Format Version 12.00
# Visual Studio Version 16
VisualStudioVersion = 16.0.31702.278
MinimumVisualStudioVersion = 10.0.40219.1
Project("{FAE04EC0-301F-11D3-BF4B-00C04F79EFBC}") = "CabInvoiceGenerator", "CabInvoiceGenerator\CabInvoiceGenerator.csproj", "{D724F724-08F7-4531-B940-3B622C333C27}"
EndProject
Project("{FAE04EC0-301F-11D3-BF4B-00C04F79EFBC}") = "CabInvoiceGeneratorTest", "CabInvoiceGeneratorTest\CabInvoiceGeneratorTest.csproj", "{BAF985B4-0DF5-4F6C-A188-1FBF5E5C849A}"
EndProject
Global
	GlobalSection(SolutionConfigurationPlatforms) = preSolution
		Debug|Any CPU = Debug|Any CPU
		Release|Any CPU = Release|Any CPU
	EndGlobalSection
	GlobalSection(ProjectConfigurationPlatforms) = postSolution
		{D724F724-08F7-4531-B940-3B622C333C27}.Debug|Any CPU.ActiveCfg = Debug|Any CPU
		{D724F724-08F7-4531-B940-3B622C333C27}.Debug|Any CPU.Build.0 = Debug|Any CPU
		{D724F724-08F7-4531-B940-3B622C333C27}.Release|Any CPU.ActiveCfg = Release|Any CPU
		{D724F724-08F7-4531-B940-3B622C333C27}.Release|Any CPU.Build.0 = Release|Any CPU
		{BAF985B4-0DF5-4F6C-A188-1FBF5E5C849A}.Debug|Any CPU.ActiveCfg = Debug|Any CPU
		{BAF985B4-0DF5-4F6C-A188-1FBF5E5C849A}.Debug|Any CPU.Build.0 = Debug|Any CPU
		{BAF985B4-0DF5-4F6C-A188-1FBF5E5C849A}.Release|Any CPU.ActiveCfg = Release|Any CPU
		{BAF985B4-0DF5-4F6C-A188-1FBF5E5C849A}.Release|Any CPU.Build.0 = Release|Any CPU
	EndGlobalSection
	GlobalSection(SolutionProperties) = preSolution
		HideSolutionNode = FALSE
	EndGlobalSection
	GlobalSection(ExtensibilityGlobals) = postSolution
		SolutionGuid = {8581D28D-CC46-4A72-A2FA-6BE2543162B6}
	EndGlobalSection
EndGlobal
